
Microsoft Visual Studio Solution File, Format Version 12.00
# Visual Studio 15
VisualStudioVersion = 15.0.26730.15
MinimumVisualStudioVersion = 10.0.40219.1
Project("{FAE04EC0-301F-11D3-BF4B-00C04F79EFBC}") = "StringToIntegerATOI", "CodingForFun\StringToIntegerATOI.csproj", "{1D404A3A-EE96-4B71-AD67-95D1F4F8B9A3}"
EndProject
Project("{FAE04EC0-301F-11D3-BF4B-00C04F79EFBC}") = "ContainerWithMostWater", "ContainerWithMostWater\ContainerWithMostWater.csproj", "{57D9E9FB-26E2-4E19-A56F-425DD5CD4A11}"
EndProject
Project("{FAE04EC0-301F-11D3-BF4B-00C04F79EFBC}") = "IntegerToRoman", "IntegerToRoman\IntegerToRoman.csproj", "{2E47A125-8832-43B9-A008-28CED4892C4B}"
EndProject
Project("{FAE04EC0-301F-11D3-BF4B-00C04F79EFBC}") = "GenerateParatheses", "GenerateParatheses\GenerateParatheses.csproj", "{21CAB723-695B-4A4D-8FFD-CEBFD9BD8318}"
EndProject
Project("{FAE04EC0-301F-11D3-BF4B-00C04F79EFBC}") = "SwapPairs", "SwapPairs\SwapPairs.csproj", "{4A6412FE-EBA7-47B9-B713-2F87572D8FC4}"
EndProject
Global
	GlobalSection(SolutionConfigurationPlatforms) = preSolution
		Debug|Any CPU = Debug|Any CPU
		Release|Any CPU = Release|Any CPU
	EndGlobalSection
	GlobalSection(ProjectConfigurationPlatforms) = postSolution
		{1D404A3A-EE96-4B71-AD67-95D1F4F8B9A3}.Debug|Any CPU.ActiveCfg = Debug|Any CPU
		{1D404A3A-EE96-4B71-AD67-95D1F4F8B9A3}.Debug|Any CPU.Build.0 = Debug|Any CPU
		{1D404A3A-EE96-4B71-AD67-95D1F4F8B9A3}.Release|Any CPU.ActiveCfg = Release|Any CPU
		{1D404A3A-EE96-4B71-AD67-95D1F4F8B9A3}.Release|Any CPU.Build.0 = Release|Any CPU
		{57D9E9FB-26E2-4E19-A56F-425DD5CD4A11}.Debug|Any CPU.ActiveCfg = Debug|Any CPU
		{57D9E9FB-26E2-4E19-A56F-425DD5CD4A11}.Debug|Any CPU.Build.0 = Debug|Any CPU
		{57D9E9FB-26E2-4E19-A56F-425DD5CD4A11}.Release|Any CPU.ActiveCfg = Release|Any CPU
		{57D9E9FB-26E2-4E19-A56F-425DD5CD4A11}.Release|Any CPU.Build.0 = Release|Any CPU
		{2E47A125-8832-43B9-A008-28CED4892C4B}.Debug|Any CPU.ActiveCfg = Debug|Any CPU
		{2E47A125-8832-43B9-A008-28CED4892C4B}.Debug|Any CPU.Build.0 = Debug|Any CPU
		{2E47A125-8832-43B9-A008-28CED4892C4B}.Release|Any CPU.ActiveCfg = Release|Any CPU
		{2E47A125-8832-43B9-A008-28CED4892C4B}.Release|Any CPU.Build.0 = Release|Any CPU
		{21CAB723-695B-4A4D-8FFD-CEBFD9BD8318}.Debug|Any CPU.ActiveCfg = Debug|Any CPU
		{21CAB723-695B-4A4D-8FFD-CEBFD9BD8318}.Debug|Any CPU.Build.0 = Debug|Any CPU
		{21CAB723-695B-4A4D-8FFD-CEBFD9BD8318}.Release|Any CPU.ActiveCfg = Release|Any CPU
		{21CAB723-695B-4A4D-8FFD-CEBFD9BD8318}.Release|Any CPU.Build.0 = Release|Any CPU
		{4A6412FE-EBA7-47B9-B713-2F87572D8FC4}.Debug|Any CPU.ActiveCfg = Debug|Any CPU
		{4A6412FE-EBA7-47B9-B713-2F87572D8FC4}.Debug|Any CPU.Build.0 = Debug|Any CPU
		{4A6412FE-EBA7-47B9-B713-2F87572D8FC4}.Release|Any CPU.ActiveCfg = Release|Any CPU
		{4A6412FE-EBA7-47B9-B713-2F87572D8FC4}.Release|Any CPU.Build.0 = Release|Any CPU
	EndGlobalSection
	GlobalSection(SolutionProperties) = preSolution
		HideSolutionNode = FALSE
	EndGlobalSection
	GlobalSection(ExtensibilityGlobals) = postSolution
		SolutionGuid = {C13F44FD-83F1-4D9E-A306-32413305BC43}
	EndGlobalSection
EndGlobal
